
Microsoft Visual Studio Solution File, Format Version 12.00
# Visual Studio Version 17
VisualStudioVersion = 17.13.35931.197 d17.13
MinimumVisualStudioVersion = 10.0.40219.1
Project("{FAE04EC0-301F-11D3-BF4B-00C04F79EFBC}") = "NQWSZUS", "NQWSZUS\NQWSZUS.csproj", "{7FFBE8E6-B111-46E9-8280-6E90305CBAC9}"
EndProject
Global
	GlobalSection(SolutionConfigurationPlatforms) = preSolution
		Debug|Any CPU = Debug|Any CPU
		Release|Any CPU = Release|Any CPU
	EndGlobalSection
	GlobalSection(ProjectConfigurationPlatforms) = postSolution
		{7FFBE8E6-B111-46E9-8280-6E90305CBAC9}.Debug|Any CPU.ActiveCfg = Debug|Any CPU
		{7FFBE8E6-B111-46E9-8280-6E90305CBAC9}.Debug|Any CPU.Build.0 = Debug|Any CPU
		{7FFBE8E6-B111-46E9-8280-6E90305CBAC9}.Release|Any CPU.ActiveCfg = Release|Any CPU
		{7FFBE8E6-B111-46E9-8280-6E90305CBAC9}.Release|Any CPU.Build.0 = Release|Any CPU
	EndGlobalSection
	GlobalSection(SolutionProperties) = preSolution
		HideSolutionNode = FALSE
	EndGlobalSection
	GlobalSection(ExtensibilityGlobals) = postSolution
		SolutionGuid = {AD627EC7-4F1C-4943-9739-D4596B3ED04B}
	EndGlobalSection
EndGlobal
